
Microsoft Visual Studio Solution File, Format Version 12.00
# Visual Studio Version 17
VisualStudioVersion = 17.12.35506.116
MinimumVisualStudioVersion = 10.0.40219.1
Project("{8BC9CEB8-8B4A-11D0-8D11-00A0C91BC942}") = "HW00", "HW00\HW00.vcxproj", "{EA3CB9E1-2FE2-4B1D-915D-33BA094C3163}"
EndProject
Project("{8BC9CEB8-8B4A-11D0-8D11-00A0C91BC942}") = "HW01", "HW01\HW01.vcxproj", "{F9276D16-DD8A-41B6-8138-01E96F4BFC88}"
EndProject
Project("{8BC9CEB8-8B4A-11D0-8D11-00A0C91BC942}") = "HW02", "HW02\HW02.vcxproj", "{AACD16D0-115E-4F63-9391-DBDB6606B55E}"
EndProject
Global
	GlobalSection(SolutionConfigurationPlatforms) = preSolution
		Debug|x64 = Debug|x64
		Debug|x86 = Debug|x86
		Release|x64 = Release|x64
		Release|x86 = Release|x86
	EndGlobalSection
	GlobalSection(ProjectConfigurationPlatforms) = postSolution
		{EA3CB9E1-2FE2-4B1D-915D-33BA094C3163}.Debug|x64.ActiveCfg = Debug|x64
		{EA3CB9E1-2FE2-4B1D-915D-33BA094C3163}.Debug|x64.Build.0 = Debug|x64
		{EA3CB9E1-2FE2-4B1D-915D-33BA094C3163}.Debug|x86.ActiveCfg = Debug|Win32
		{EA3CB9E1-2FE2-4B1D-915D-33BA094C3163}.Debug|x86.Build.0 = Debug|Win32
		{EA3CB9E1-2FE2-4B1D-915D-33BA094C3163}.Release|x64.ActiveCfg = Release|x64
		{EA3CB9E1-2FE2-4B1D-915D-33BA094C3163}.Release|x64.Build.0 = Release|x64
		{EA3CB9E1-2FE2-4B1D-915D-33BA094C3163}.Release|x86.ActiveCfg = Release|Win32
		{EA3CB9E1-2FE2-4B1D-915D-33BA094C3163}.Release|x86.Build.0 = Release|Win32
		{F9276D16-DD8A-41B6-8138-01E96F4BFC88}.Debug|x64.ActiveCfg = Debug|x64
		{F9276D16-DD8A-41B6-8138-01E96F4BFC88}.Debug|x64.Build.0 = Debug|x64
		{F9276D16-DD8A-41B6-8138-01E96F4BFC88}.Debug|x86.ActiveCfg = Debug|Win32
		{F9276D16-DD8A-41B6-8138-01E96F4BFC88}.Debug|x86.Build.0 = Debug|Win32
		{F9276D16-DD8A-41B6-8138-01E96F4BFC88}.Release|x64.ActiveCfg = Release|x64
		{F9276D16-DD8A-41B6-8138-01E96F4BFC88}.Release|x64.Build.0 = Release|x64
		{F9276D16-DD8A-41B6-8138-01E96F4BFC88}.Release|x86.ActiveCfg = Release|Win32
		{F9276D16-DD8A-41B6-8138-01E96F4BFC88}.Release|x86.Build.0 = Release|Win32
		{AACD16D0-115E-4F63-9391-DBDB6606B55E}.Debug|x64.ActiveCfg = Debug|x64
		{AACD16D0-115E-4F63-9391-DBDB6606B55E}.Debug|x64.Build.0 = Debug|x64
		{AACD16D0-115E-4F63-9391-DBDB6606B55E}.Debug|x86.ActiveCfg = Debug|Win32
		{AACD16D0-115E-4F63-9391-DBDB6606B55E}.Debug|x86.Build.0 = Debug|Win32
		{AACD16D0-115E-4F63-9391-DBDB6606B55E}.Release|x64.ActiveCfg = Release|x64
		{AACD16D0-115E-4F63-9391-DBDB6606B55E}.Release|x64.Build.0 = Release|x64
		{AACD16D0-115E-4F63-9391-DBDB6606B55E}.Release|x86.ActiveCfg = Release|Win32
		{AACD16D0-115E-4F63-9391-DBDB6606B55E}.Release|x86.Build.0 = Release|Win32
	EndGlobalSection
	GlobalSection(SolutionProperties) = preSolution
		HideSolutionNode = FALSE
	EndGlobalSection
EndGlobal
